
Microsoft Visual Studio Solution File, Format Version 12.00
# Visual Studio 15
VisualStudioVersion = 15.0.27428.2015
MinimumVisualStudioVersion = 10.0.40219.1
Project("{FAE04EC0-301F-11D3-BF4B-00C04F79EFBC}") = "MathTools", "MathTools\MathTools.csproj", "{1498C1C9-70F4-4F72-82FE-E6729BEF245C}"
EndProject
Project("{FAE04EC0-301F-11D3-BF4B-00C04F79EFBC}") = "MathTools.Tests", "MathTools.Tests\MathTools.Tests.csproj", "{3E119CFC-2390-4E68-9D13-925586FBCEE8}"
EndProject
Global
	GlobalSection(SolutionConfigurationPlatforms) = preSolution
		Debug|Any CPU = Debug|Any CPU
		Release|Any CPU = Release|Any CPU
	EndGlobalSection
	GlobalSection(ProjectConfigurationPlatforms) = postSolution
		{1498C1C9-70F4-4F72-82FE-E6729BEF245C}.Debug|Any CPU.ActiveCfg = Debug|Any CPU
		{1498C1C9-70F4-4F72-82FE-E6729BEF245C}.Debug|Any CPU.Build.0 = Debug|Any CPU
		{1498C1C9-70F4-4F72-82FE-E6729BEF245C}.Release|Any CPU.ActiveCfg = Release|Any CPU
		{1498C1C9-70F4-4F72-82FE-E6729BEF245C}.Release|Any CPU.Build.0 = Release|Any CPU
		{3E119CFC-2390-4E68-9D13-925586FBCEE8}.Debug|Any CPU.ActiveCfg = Debug|Any CPU
		{3E119CFC-2390-4E68-9D13-925586FBCEE8}.Debug|Any CPU.Build.0 = Debug|Any CPU
		{3E119CFC-2390-4E68-9D13-925586FBCEE8}.Release|Any CPU.ActiveCfg = Release|Any CPU
		{3E119CFC-2390-4E68-9D13-925586FBCEE8}.Release|Any CPU.Build.0 = Release|Any CPU
	EndGlobalSection
	GlobalSection(SolutionProperties) = preSolution
		HideSolutionNode = FALSE
	EndGlobalSection
	GlobalSection(ExtensibilityGlobals) = postSolution
		SolutionGuid = {00DD80DA-4EE8-4452-9099-B4F726396D0C}
	EndGlobalSection
EndGlobal
